
Microsoft Visual Studio Solution File, Format Version 12.00
Project("{FAE04EC0-301F-11D3-BF4B-00C04F79EFBC}") = "Meancat.EliteBinding.Reader", "Meancat.EliteBinding.Reader\Meancat.EliteBinding.Reader.csproj", "{C7DD001B-48CE-479F-BD35-CC12C48B4C7C}"
EndProject
Project("{FAE04EC0-301F-11D3-BF4B-00C04F79EFBC}") = "Meancat.EliteBinding.Tests", "Meancat.EliteBinding.Tests\Meancat.EliteBinding.Tests.csproj", "{9462266B-DBE8-4D04-A162-CDB4043DA6E2}"
EndProject
Global
	GlobalSection(SolutionConfigurationPlatforms) = preSolution
		Debug|Any CPU = Debug|Any CPU
		Debug|x64 = Debug|x64
		Debug|x86 = Debug|x86
		Release|Any CPU = Release|Any CPU
		Release|x64 = Release|x64
		Release|x86 = Release|x86
	EndGlobalSection
	GlobalSection(ProjectConfigurationPlatforms) = postSolution
		{C7DD001B-48CE-479F-BD35-CC12C48B4C7C}.Debug|Any CPU.ActiveCfg = Debug|Any CPU
		{C7DD001B-48CE-479F-BD35-CC12C48B4C7C}.Debug|Any CPU.Build.0 = Debug|Any CPU
		{C7DD001B-48CE-479F-BD35-CC12C48B4C7C}.Debug|x64.ActiveCfg = Debug|Any CPU
		{C7DD001B-48CE-479F-BD35-CC12C48B4C7C}.Debug|x64.Build.0 = Debug|Any CPU
		{C7DD001B-48CE-479F-BD35-CC12C48B4C7C}.Debug|x86.ActiveCfg = Debug|Any CPU
		{C7DD001B-48CE-479F-BD35-CC12C48B4C7C}.Debug|x86.Build.0 = Debug|Any CPU
		{C7DD001B-48CE-479F-BD35-CC12C48B4C7C}.Release|Any CPU.ActiveCfg = Release|Any CPU
		{C7DD001B-48CE-479F-BD35-CC12C48B4C7C}.Release|Any CPU.Build.0 = Release|Any CPU
		{C7DD001B-48CE-479F-BD35-CC12C48B4C7C}.Release|x64.ActiveCfg = Release|Any CPU
		{C7DD001B-48CE-479F-BD35-CC12C48B4C7C}.Release|x64.Build.0 = Release|Any CPU
		{C7DD001B-48CE-479F-BD35-CC12C48B4C7C}.Release|x86.ActiveCfg = Release|Any CPU
		{C7DD001B-48CE-479F-BD35-CC12C48B4C7C}.Release|x86.Build.0 = Release|Any CPU
		{9462266B-DBE8-4D04-A162-CDB4043DA6E2}.Debug|Any CPU.ActiveCfg = Debug|Any CPU
		{9462266B-DBE8-4D04-A162-CDB4043DA6E2}.Debug|Any CPU.Build.0 = Debug|Any CPU
		{9462266B-DBE8-4D04-A162-CDB4043DA6E2}.Debug|x64.ActiveCfg = Debug|Any CPU
		{9462266B-DBE8-4D04-A162-CDB4043DA6E2}.Debug|x64.Build.0 = Debug|Any CPU
		{9462266B-DBE8-4D04-A162-CDB4043DA6E2}.Debug|x86.ActiveCfg = Debug|Any CPU
		{9462266B-DBE8-4D04-A162-CDB4043DA6E2}.Debug|x86.Build.0 = Debug|Any CPU
		{9462266B-DBE8-4D04-A162-CDB4043DA6E2}.Release|Any CPU.ActiveCfg = Release|Any CPU
		{9462266B-DBE8-4D04-A162-CDB4043DA6E2}.Release|Any CPU.Build.0 = Release|Any CPU
		{9462266B-DBE8-4D04-A162-CDB4043DA6E2}.Release|x64.ActiveCfg = Release|Any CPU
		{9462266B-DBE8-4D04-A162-CDB4043DA6E2}.Release|x64.Build.0 = Release|Any CPU
		{9462266B-DBE8-4D04-A162-CDB4043DA6E2}.Release|x86.ActiveCfg = Release|Any CPU
		{9462266B-DBE8-4D04-A162-CDB4043DA6E2}.Release|x86.Build.0 = Release|Any CPU
	EndGlobalSection
	GlobalSection(SolutionProperties) = preSolution
		HideSolutionNode = FALSE
	EndGlobalSection
EndGlobal
